// !$*UTF8*$!
{
	archiveVersion = 1;
	classes = {
	};
	objectVersion = 50;
	objects = {

/* Begin PBXBuildFile section */
		1A09D4C420F5B05B00B1EB59 /* AppDelegate.m in Sources */ = {isa = PBXBuildFile; fileRef = 1A09D4C320F5B05B00B1EB59 /* AppDelegate.m */; };
		1A09D4C720F5B05B00B1EB59 /* ViewController.m in Sources */ = {isa = PBXBuildFile; fileRef = 1A09D4C620F5B05B00B1EB59 /* ViewController.m */; };
		1A09D4CA20F5B05B00B1EB59 /* Main.storyboard in Resources */ = {isa = PBXBuildFile; fileRef = 1A09D4C820F5B05B00B1EB59 /* Main.storyboard */; };
		1A09D4CC20F5B05C00B1EB59 /* Assets.xcassets in Resources */ = {isa = PBXBuildFile; fileRef = 1A09D4CB20F5B05C00B1EB59 /* Assets.xcassets */; };
		1A09D4CF20F5B05C00B1EB59 /* LaunchScreen.storyboard in Resources */ = {isa = PBXBuildFile; fileRef = 1A09D4CD20F5B05C00B1EB59 /* LaunchScreen.storyboard */; };
		1A09D4D220F5B05C00B1EB59 /* main.m in Sources */ = {isa = PBXBuildFile; fileRef = 1A09D4D120F5B05C00B1EB59 /* main.m */; };
		1A09D4DC20F5B05C00B1EB59 /* GoToWIFITests.m in Sources */ = {isa = PBXBuildFile; fileRef = 1A09D4DB20F5B05C00B1EB59 /* GoToWIFITests.m */; };
		1A09D4E720F5B05C00B1EB59 /* GoToWIFIUITests.m in Sources */ = {isa = PBXBuildFile; fileRef = 1A09D4E620F5B05C00B1EB59 /* GoToWIFIUITests.m */; };
/* End PBXBuildFile section */

/* Begin PBXContainerItemProxy section */
		1A09D4D820F5B05C00B1EB59 /* PBXContainerItemProxy */ = {
			isa = PBXContainerItemProxy;
			containerPortal = 1A09D4B720F5B05B00B1EB59 /* Project object */;
			proxyType = 1;
			remoteGlobalIDString = 1A09D4BE20F5B05B00B1EB59;
			remoteInfo = GoToWIFI;
		};
		1A09D4E320F5B05C00B1EB59 /* PBXContainerItemProxy */ = {
			isa = PBXContainerItemProxy;
			containerPortal = 1A09D4B720F5B05B00B1EB59 /* Project object */;
			proxyType = 1;
			remoteGlobalIDString = 1A09D4BE20F5B05B00B1EB59;
			remoteInfo = GoToWIFI;
		};
/* End PBXContainerItemProxy section */

/* Begin PBXFileReference section */
		1A09D4BF20F5B05B00B1EB59 /* GoToWIFI.app */ = {isa = PBXFileReference; explicitFileType = wrapper.application; includeInIndex = 0; path = GoToWIFI.app; sourceTree = BUILT_PRODUCTS_DIR; };
		1A09D4C220F5B05B00B1EB59 /* AppDelegate.h */ = {isa = PBXFileReference; lastKnownFileType = sourcecode.c.h; path = AppDelegate.h; sourceTree = "<group>"; };
		1A09D4C320F5B05B00B1EB59 /* AppDelegate.m */ = {isa = PBXFileReference; lastKnownFileType = sourcecode.c.objc; path = AppDelegate.m; sourceTree = "<group>"; };
		1A09D4C520F5B05B00B1EB59 /* ViewController.h */ = {isa = PBXFileReference; lastKnownFileType = sourcecode.c.h; path = ViewController.h; sourceTree = "<group>"; };
		1A09D4C620F5B05B00B1EB59 /* ViewController.m */ = {isa = PBXFileReference; lastKnownFileType = sourcecode.c.objc; path = ViewController.m; sourceTree = "<group>"; };
		1A09D4C920F5B05B00B1EB59 /* Base */ = {isa = PBXFileReference; lastKnownFileType = file.storyboard; name = Base; path = Base.lproj/Main.storyboard; sourceTree = "<group>"; };
		1A09D4CB20F5B05C00B1EB59 /* Assets.xcassets */ = {isa = PBXFileReference; lastKnownFileType = folder.assetcatalog; path = Assets.xcassets; sourceTree = "<group>"; };
		1A09D4CE20F5B05C00B1EB59 /* Base */ = {isa = PBXFileReference; lastKnownFileType = file.storyboard; name = Base; path = Base.lproj/LaunchScreen.storyboard; sourceTree = "<group>"; };
		1A09D4D020F5B05C00B1EB59 /* Info.plist */ = {isa = PBXFileReference; lastKnownFileType = text.plist.xml; path = Info.plist; sourceTree = "<group>"; };
		1A09D4D120F5B05C00B1EB59 /* main.m */ = {isa = PBXFileReference; lastKnownFileType = sourcecode.c.objc; path = main.m; sourceTree = "<group>"; };
		1A09D4D720F5B05C00B1EB59 /* GoToWIFITests.xctest */ = {isa = PBXFileReference; explicitFileType = wrapper.cfbundle; includeInIndex = 0; path = GoToWIFITests.xctest; sourceTree = BUILT_PRODUCTS_DIR; };
		1A09D4DB20F5B05C00B1EB59 /* GoToWIFITests.m */ = {isa = PBXFileReference; lastKnownFileType = sourcecode.c.objc; path = GoToWIFITests.m; sourceTree = "<group>"; };
		1A09D4DD20F5B05C00B1EB59 /* Info.plist */ = {isa = PBXFileReference; lastKnownFileType = text.plist.xml; path = Info.plist; sourceTree = "<group>"; };
		1A09D4E220F5B05C00B1EB59 /* GoToWIFIUITests.xctest */ = {isa = PBXFileReference; explicitFileType = wrapper.cfbundle; includeInIndex = 0; path = GoToWIFIUITests.xctest; sourceTree = BUILT_PRODUCTS_DIR; };
		1A09D4E620F5B05C00B1EB59 /* GoToWIFIUITests.m */ = {isa = PBXFileReference; lastKnownFileType = sourcecode.c.objc; path = GoToWIFIUITests.m; sourceTree = "<group>"; };
		1A09D4E820F5B05C00B1EB59 /* Info.plist */ = {isa = PBXFileReference; lastKnownFileType = text.plist.xml; path = Info.plist; sourceTree = "<group>"; };
/* End PBXFileReference section */

/* Begin PBXFrameworksBuildPhase section */
		1A09D4BC20F5B05B00B1EB59 /* Frameworks */ = {
			isa = PBXFrameworksBuildPhase;
			buildActionMask = 2147483647;
			files = (
			);
			runOnlyForDeploymentPostprocessing = 0;
		};
		1A09D4D420F5B05C00B1EB59 /* Frameworks */ = {
			isa = PBXFrameworksBuildPhase;
			buildActionMask = 2147483647;
			files = (
			);
			runOnlyForDeploymentPostprocessing = 0;
		};
		1A09D4DF20F5B05C00B1EB59 /* Frameworks */ = {
			isa = PBXFrameworksBuildPhase;
			buildActionMask = 2147483647;
			files = (
			);
			runOnlyForDeploymentPostprocessing = 0;
		};
/* End PBXFrameworksBuildPhase section */

/* Begin PBXGroup section */
		1A09D4B620F5B05B00B1EB59 = {
			isa = PBXGroup;
			children = (
				1A09D4C120F5B05B00B1EB59 /* GoToWIFI */,
				1A09D4DA20F5B05C00B1EB59 /* GoToWIFITests */,
				1A09D4E520F5B05C00B1EB59 /* GoToWIFIUITests */,
				1A09D4C020F5B05B00B1EB59 /* Products */,
			);
			sourceTree = "<group>";
		};
		1A09D4C020F5B05B00B1EB59 /* Products */ = {
			isa = PBXGroup;
			children = (
				1A09D4BF20F5B05B00B1EB59 /* GoToWIFI.app */,
				1A09D4D720F5B05C00B1EB59 /* GoToWIFITests.xctest */,
				1A09D4E220F5B05C00B1EB59 /* GoToWIFIUITests.xctest */,
			);
			name = Products;
			sourceTree = "<group>";
		};
		1A09D4C120F5B05B00B1EB59 /* GoToWIFI */ = {
			isa = PBXGroup;
			children = (
				1A09D4C220F5B05B00B1EB59 /* AppDelegate.h */,
				1A09D4C320F5B05B00B1EB59 /* AppDelegate.m */,
				1A09D4C520F5B05B00B1EB59 /* ViewController.h */,
				1A09D4C620F5B05B00B1EB59 /* ViewController.m */,
				1A09D4C820F5B05B00B1EB59 /* Main.storyboard */,
				1A09D4CB20F5B05C00B1EB59 /* Assets.xcassets */,
				1A09D4CD20F5B05C00B1EB59 /* LaunchScreen.storyboard */,
				1A09D4D020F5B05C00B1EB59 /* Info.plist */,
				1A09D4D120F5B05C00B1EB59 /* main.m */,
			);
			path = GoToWIFI;
			sourceTree = "<group>";
		};
		1A09D4DA20F5B05C00B1EB59 /* GoToWIFITests */ = {
			isa = PBXGroup;
			children = (
				1A09D4DB20F5B05C00B1EB59 /* GoToWIFITests.m */,
				1A09D4DD20F5B05C00B1EB59 /* Info.plist */,
			);
			path = GoToWIFITests;
			sourceTree = "<group>";
		};
		1A09D4E520F5B05C00B1EB59 /* GoToWIFIUITests */ = {
			isa = PBXGroup;
			children = (
				1A09D4E620F5B05C00B1EB59 /* GoToWIFIUITests.m */,
				1A09D4E820F5B05C00B1EB59 /* Info.plist */,
			);
			path = GoToWIFIUITests;
			sourceTree = "<group>";
		};
/* End PBXGroup section */

/* Begin PBXNativeTarget section */
		1A09D4BE20F5B05B00B1EB59 /* GoToWIFI */ = {
			isa = PBXNativeTarget;
			buildConfigurationList = 1A09D4EB20F5B05C00B1EB59 /* Build configuration list for PBXNativeTarget "GoToWIFI" */;
			buildPhases = (
				1A09D4BB20F5B05B00B1EB59 /* Sources */,
				1A09D4BC20F5B05B00B1EB59 /* Frameworks */,
				1A09D4BD20F5B05B00B1EB59 /* Resources */,
			);
			buildRules = (
			);
			dependencies = (
			);
			name = GoToWIFI;
			productName = GoToWIFI;
			productReference = 1A09D4BF20F5B05B00B1EB59 /* GoToWIFI.app */;
			productType = "com.apple.product-type.application";
		};
		1A09D4D620F5B05C00B1EB59 /* GoToWIFITests */ = {
			isa = PBXNativeTarget;
			buildConfigurationList = 1A09D4EE20F5B05C00B1EB59 /* Build configuration list for PBXNativeTarget "GoToWIFITests" */;
			buildPhases = (
				1A09D4D320F5B05C00B1EB59 /* Sources */,
				1A09D4D420F5B05C00B1EB59 /* Frameworks */,
				1A09D4D520F5B05C00B1EB59 /* Resources */,
			);
			buildRules = (
			);
			dependencies = (
				1A09D4D920F5B05C00B1EB59 /* PBXTargetDependency */,
			);
			name = GoToWIFITests;
			productName = GoToWIFITests;
			productReference = 1A09D4D720F5B05C00B1EB59 /* GoToWIFITests.xctest */;
			productType = "com.apple.product-type.bundle.unit-test";
		};
		1A09D4E120F5B05C00B1EB59 /* GoToWIFIUITests */ = {
			isa = PBXNativeTarget;
			buildConfigurationList = 1A09D4F120F5B05C00B1EB59 /* Build configuration list for PBXNativeTarget "GoToWIFIUITests" */;
			buildPhases = (
				1A09D4DE20F5B05C00B1EB59 /* Sources */,
				1A09D4DF20F5B05C00B1EB59 /* Frameworks */,
				1A09D4E020F5B05C00B1EB59 /* Resources */,
			);
			buildRules = (
			);
			dependencies = (
				1A09D4E420F5B05C00B1EB59 /* PBXTargetDependency */,
			);
			name = GoToWIFIUITests;
			productName = GoToWIFIUITests;
			productReference = 1A09D4E220F5B05C00B1EB59 /* GoToWIFIUITests.xctest */;
			productType = "com.apple.product-type.bundle.ui-testing";
		};
/* End PBXNativeTarget section */

/* Begin PBXProject section */
		1A09D4B720F5B05B00B1EB59 /* Project object */ = {
			isa = PBXProject;
			attributes = {
				LastUpgradeCheck = 0940;
				ORGANIZATIONNAME = "赵勇";
				TargetAttributes = {
					1A09D4BE20F5B05B00B1EB59 = {
						CreatedOnToolsVersion = 9.4.1;
					};
					1A09D4D620F5B05C00B1EB59 = {
						CreatedOnToolsVersion = 9.4.1;
						TestTargetID = 1A09D4BE20F5B05B00B1EB59;
					};
					1A09D4E120F5B05C00B1EB59 = {
						CreatedOnToolsVersion = 9.4.1;
						TestTargetID = 1A09D4BE20F5B05B00B1EB59;
					};
				};
			};
			buildConfigurationList = 1A09D4BA20F5B05B00B1EB59 /* Build configuration list for PBXProject "GoToWIFI" */;
			compatibilityVersion = "Xcode 9.3";
			developmentRegion = en;
			hasScannedForEncodings = 0;
			knownRegions = (
				en,
				Base,
			);
			mainGroup = 1A09D4B620F5B05B00B1EB59;
			productRefGroup = 1A09D4C020F5B05B00B1EB59 /* Products */;
			projectDirPath = "";
			projectRoot = "";
			targets = (
				1A09D4BE20F5B05B00B1EB59 /* GoToWIFI */,
				1A09D4D620F5B05C00B1EB59 /* GoToWIFITests */,
				1A09D4E120F5B05C00B1EB59 /* GoToWIFIUITests */,
			);
		};
/* End PBXProject section */

/* Begin PBXResourcesBuildPhase section */
		1A09D4BD20F5B05B00B1EB59 /* Resources */ = {
			isa = PBXResourcesBuildPhase;
			buildActionMask = 2147483647;
			files = (
				1A09D4CF20F5B05C00B1EB59 /* LaunchScreen.storyboard in Resources */,
				1A09D4CC20F5B05C00B1EB59 /* Assets.xcassets in Resources */,
				1A09D4CA20F5B05B00B1EB59 /* Main.storyboard in Resources */,
			);
			runOnlyForDeploymentPostprocessing = 0;
		};
		1A09D4D520F5B05C00B1EB59 /* Resources */ = {
			isa = PBXResourcesBuildPhase;
			buildActionMask = 2147483647;
			files = (
			);
			runOnlyForDeploymentPostprocessing = 0;
		};
		1A09D4E020F5B05C00B1EB59 /* Resources */ = {
			isa = PBXResourcesBuildPhase;
			buildActionMask = 2147483647;
			files = (
			);
			runOnlyForDeploymentPostprocessing = 0;
		};
/* End PBXResourcesBuildPhase section */

/* Begin PBXSourcesBuildPhase section */
		1A09D4BB20F5B05B00B1EB59 /* Sources */ = {
			isa = PBXSourcesBuildPhase;
			buildActionMask = 2147483647;
			files = (
				1A09D4C720F5B05B00B1EB59 /* ViewController.m in Sources */,
				1A09D4D220F5B05C00B1EB59 /* main.m in Sources */,
				1A09D4C420F5B05B00B1EB59 /* AppDelegate.m in Sources */,
			);
			runOnlyForDeploymentPostprocessing = 0;
		};
		1A09D4D320F5B05C00B1EB59 /* Sources */ = {
			isa = PBXSourcesBuildPhase;
			buildActionMask = 2147483647;
			files = (
				1A09D4DC20F5B05C00B1EB59 /* GoToWIFITests.m in Sources */,
			);
			runOnlyForDeploymentPostprocessing = 0;
		};
		1A09D4DE20F5B05C00B1EB59 /* Sources */ = {
			isa = PBXSourcesBuildPhase;
			buildActionMask = 2147483647;
			files = (
				1A09D4E720F5B05C00B1EB59 /* GoToWIFIUITests.m in Sources */,
			);
			runOnlyForDeploymentPostprocessing = 0;
		};
/* End PBXSourcesBuildPhase section */

/* Begin PBXTargetDependency section */
		1A09D4D920F5B05C00B1EB59 /* PBXTargetDependency */ = {
			isa = PBXTargetDependency;
			target = 1A09D4BE20F5B05B00B1EB59 /* GoToWIFI */;
			targetProxy = 1A09D4D820F5B05C00B1EB59 /* PBXContainerItemProxy */;
		};
		1A09D4E420F5B05C00B1EB59 /* PBXTargetDependency */ = {
			isa = PBXTargetDependency;
			target = 1A09D4BE20F5B05B00B1EB59 /* GoToWIFI */;
			targetProxy = 1A09D4E320F5B05C00B1EB59 /* PBXContainerItemProxy */;
		};
/* End PBXTargetDependency section */

/* Begin PBXVariantGroup section */
		1A09D4C820F5B05B00B1EB59 /* Main.storyboard */ = {
			isa = PBXVariantGroup;
			children = (
				1A09D4C920F5B05B00B1EB59 /* Base */,
			);
			name = Main.storyboard;
			sourceTree = "<group>";
		};
		1A09D4CD20F5B05C00B1EB59 /* LaunchScreen.storyboard */ = {
			isa = PBXVariantGroup;
			children = (
				1A09D4CE20F5B05C00B1EB59 /* Base */,
			);
			name = LaunchScreen.storyboard;
			sourceTree = "<group>";
		};
/* End PBXVariantGroup section */

/* Begin XCBuildConfiguration section */
		1A09D4E920F5B05C00B1EB59 /* Debug */ = {
			isa = XCBuildConfiguration;
			buildSettings = {
				ALWAYS_SEARCH_USER_PATHS = NO;
				CLANG_ANALYZER_NONNULL = YES;
				CLANG_ANALYZER_NUMBER_OBJECT_CONVERSION = YES_AGGRESSIVE;
				CLANG_CXX_LANGUAGE_STANDARD = "gnu++14";
				CLANG_CXX_LIBRARY = "libc++";
				CLANG_ENABLE_MODULES = YES;
				CLANG_ENABLE_OBJC_ARC = YES;
				CLANG_ENABLE_OBJC_WEAK = YES;
				CLANG_WARN_BLOCK_CAPTURE_AUTORELEASING = YES;
				CLANG_WARN_BOOL_CONVERSION = YES;
				CLANG_WARN_COMMA = YES;
				CLANG_WARN_CONSTANT_CONVERSION = YES;
				CLANG_WARN_DEPRECATED_OBJC_IMPLEMENTATIONS = YES;
				CLANG_WARN_DIRECT_OBJC_ISA_USAGE = YES_ERROR;
				CLANG_WARN_DOCUMENTATION_COMMENTS = YES;
				CLANG_WARN_EMPTY_BODY = YES;
				CLANG_WARN_ENUM_CONVERSION = YES;
				CLANG_WARN_INFINITE_RECURSION = YES;
				CLANG_WARN_INT_CONVERSION = YES;
				CLANG_WARN_NON_LITERAL_NULL_CONVERSION = YES;
				CLANG_WARN_OBJC_IMPLICIT_RETAIN_SELF = YES;
				CLANG_WARN_OBJC_LITERAL_CONVERSION = YES;
				CLANG_WARN_OBJC_ROOT_CLASS = YES_ERROR;
				CLANG_WARN_RANGE_LOOP_ANALYSIS = YES;
				CLANG_WARN_STRICT_PROTOTYPES = YES;
				CLANG_WARN_SUSPICIOUS_MOVE = YES;
				CLANG_WARN_UNGUARDED_AVAILABILITY = YES_AGGRESSIVE;
				CLANG_WARN_UNREACHABLE_CODE = YES;
				CLANG_WARN__DUPLICATE_METHOD_MATCH = YES;
				CODE_SIGN_IDENTITY = "iPhone Developer";
				COPY_PHASE_STRIP = NO;
				DEBUG_INFORMATION_FORMAT = dwarf;
				ENABLE_STRICT_OBJC_MSGSEND = YES;
				ENABLE_TESTABILITY = YES;
				GCC_C_LANGUAGE_STANDARD = gnu11;
				GCC_DYNAMIC_NO_PIC = NO;
				GCC_NO_COMMON_BLOCKS = YES;
				GCC_OPTIMIZATION_LEVEL = 0;
				GCC_PREPROCESSOR_DEFINITIONS = (
					"DEBUG=1",
					"$(inherited)",
				);
				GCC_WARN_64_TO_32_BIT_CONVERSION = YES;
				GCC_WARN_ABOUT_RETURN_TYPE = YES_ERROR;
				GCC_WARN_UNDECLARED_SELECTOR = YES;
				GCC_WARN_UNINITIALIZED_AUTOS = YES_AGGRESSIVE;
				GCC_WARN_UNUSED_FUNCTION = YES;
				GCC_WARN_UNUSED_VARIABLE = YES;
				IPHONEOS_DEPLOYMENT_TARGET = 11.4;
				MTL_ENABLE_DEBUG_INFO = YES;
				ONLY_ACTIVE_ARCH = YES;
				SDKROOT = iphoneos;
			};
			name = Debug;
		};
		1A09D4EA20F5B05C00B1EB59 /* Release */ = {
			isa = XCBuildConfiguration;
			buildSettings = {
				ALWAYS_SEARCH_USER_PATHS = NO;
				CLANG_ANALYZER_NONNULL = YES;
				CLANG_ANALYZER_NUMBER_OBJECT_CONVERSION = YES_AGGRESSIVE;
				CLANG_CXX_LANGUAGE_STANDARD = "gnu++14";
				CLANG_CXX_LIBRARY = "libc++";
				CLANG_ENABLE_MODULES = YES;
				CLANG_ENABLE_OBJC_ARC = YES;
				CLANG_ENABLE_OBJC_WEAK = YES;
				CLANG_WARN_BLOCK_CAPTURE_AUTORELEASING = YES;
				CLANG_WARN_BOOL_CONVERSION = YES;
				CLANG_WARN_COMMA = YES;
				CLANG_WARN_CONSTANT_CONVERSION = YES;
				CLANG_WARN_DEPRECATED_OBJC_IMPLEMENTATIONS = YES;
				CLANG_WARN_DIRECT_OBJC_ISA_USAGE = YES_ERROR;
				CLANG_WARN_DOCUMENTATION_COMMENTS = YES;
				CLANG_WARN_EMPTY_BODY = YES;
				CLANG_WARN_ENUM_CONVERSION = YES;
				CLANG_WARN_INFINITE_RECURSION = YES;
				CLANG_WARN_INT_CONVERSION = YES;
				CLANG_WARN_NON_LITERAL_NULL_CONVERSION = YES;
				CLANG_WARN_OBJC_IMPLICIT_RETAIN_SELF = YES;
				CLANG_WARN_OBJC_LITERAL_CONVERSION = YES;
				CLANG_WARN_OBJC_ROOT_CLASS = YES_ERROR;
				CLANG_WARN_RANGE_LOOP_ANALYSIS = YES;
				CLANG_WARN_STRICT_PROTOTYPES = YES;
				CLANG_WARN_SUSPICIOUS_MOVE = YES;
				CLANG_WARN_UNGUARDED_AVAILABILITY = YES_AGGRESSIVE;
				CLANG_WARN_UNREACHABLE_CODE = YES;
				CLANG_WARN__DUPLICATE_METHOD_MATCH = YES;
				CODE_SIGN_IDENTITY = "iPhone Developer";
				COPY_PHASE_STRIP = NO;
				DEBUG_INFORMATION_FORMAT = "dwarf-with-dsym";
				ENABLE_NS_ASSERTIONS = NO;
				ENABLE_STRICT_OBJC_MSGSEND = YES;
				GCC_C_LANGUAGE_STANDARD = gnu11;
				GCC_NO_COMMON_BLOCKS = YES;
				GCC_WARN_64_TO_32_BIT_CONVERSION = YES;
				GCC_WARN_ABOUT_RETURN_TYPE = YES_ERROR;
				GCC_WARN_UNDECLARED_SELECTOR = YES;
				GCC_WARN_UNINITIALIZED_AUTOS = YES_AGGRESSIVE;
				GCC_WARN_UNUSED_FUNCTION = YES;
				GCC_WARN_UNUSED_VARIABLE = YES;
				IPHONEOS_DEPLOYMENT_TARGET = 11.4;
				MTL_ENABLE_DEBUG_INFO = NO;
				SDKROOT = iphoneos;
				VALIDATE_PRODUCT = YES;
			};
			name = Release;
		};
		1A09D4EC20F5B05C00B1EB59 /* Debug */ = {
			isa = XCBuildConfiguration;
			buildSettings = {
				ASSETCATALOG_COMPILER_APPICON_NAME = AppIcon;
				CODE_SIGN_STYLE = Automatic;
				DEVELOPMENT_TEAM = ZWK4276B96;
				INFOPLIST_FILE = GoToWIFI/Info.plist;
				IPHONEOS_DEPLOYMENT_TARGET = 9.0;
				LD_RUNPATH_SEARCH_PATHS = (
					"$(inherited)",
					"@executable_path/Frameworks",
				);
				PRODUCT_BUNDLE_IDENTIFIER = Person.GoToWIFI;
				PRODUCT_NAME = "$(TARGET_NAME)";
				TARGETED_DEVICE_FAMILY = "1,2";
			};
			name = Debug;
		};
		1A09D4ED20F5B05C00B1EB59 /* Release */ = {
			isa = XCBuildConfiguration;
			buildSettings = {
				ASSETCATALOG_COMPILER_APPICON_NAME = AppIcon;
				CODE_SIGN_STYLE = Automatic;
				DEVELOPMENT_TEAM = ZWK4276B96;
				INFOPLIST_FILE = GoToWIFI/Info.plist;
				IPHONEOS_DEPLOYMENT_TARGET = 9.0;
				LD_RUNPATH_SEARCH_PATHS = (
					"$(inherited)",
					"@executable_path/Frameworks",
				);
				PRODUCT_BUNDLE_IDENTIFIER = Person.GoToWIFI;
				PRODUCT_NAME = "$(TARGET_NAME)";
				TARGETED_DEVICE_FAMILY = "1,2";
			};
			name = Release;
		};
		1A09D4EF20F5B05C00B1EB59 /* Debug */ = {
			isa = XCBuildConfiguration;
			buildSettings = {
				BUNDLE_LOADER = "$(TEST_HOST)";
				CODE_SIGN_STYLE = Automatic;
				DEVELOPMENT_TEAM = ZWK4276B96;
				INFOPLIST_FILE = GoToWIFITests/Info.plist;
				LD_RUNPATH_SEARCH_PATHS = (
					"$(inherited)",
					"@executable_path/Frameworks",
					"@loader_path/Frameworks",
				);
				PRODUCT_BUNDLE_IDENTIFIER = Person.GoToWIFITests;
				PRODUCT_NAME = "$(TARGET_NAME)";
				TARGETED_DEVICE_FAMILY = "1,2";
				TEST_HOST = "$(BUILT_PRODUCTS_DIR)/GoToWIFI.app/GoToWIFI";
			};
			name = Debug;
		};
		1A09D4F020F5B05C00B1EB59 /* Release */ = {
			isa = XCBuildConfiguration;
			buildSettings = {
				BUNDLE_LOADER = "$(TEST_HOST)";
				CODE_SIGN_STYLE = Automatic;
				DEVELOPMENT_TEAM = ZWK4276B96;
				INFOPLIST_FILE = GoToWIFITests/Info.plist;
				LD_RUNPATH_SEARCH_PATHS = (
					"$(inherited)",
					"@executable_path/Frameworks",
					"@loader_path/Frameworks",
				);
				PRODUCT_BUNDLE_IDENTIFIER = Person.GoToWIFITests;
				PRODUCT_NAME = "$(TARGET_NAME)";
				TARGETED_DEVICE_FAMILY = "1,2";
				TEST_HOST = "$(BUILT_PRODUCTS_DIR)/GoToWIFI.app/GoToWIFI";
			};
			name = Release;
		};
		1A09D4F220F5B05C00B1EB59 /* Debug */ = {
			isa = XCBuildConfiguration;
			buildSettings = {
				CODE_SIGN_STYLE = Automatic;
				DEVELOPMENT_TEAM = ZWK4276B96;
				INFOPLIST_FILE = GoToWIFIUITests/Info.plist;
				LD_RUNPATH_SEARCH_PATHS = (
					"$(inherited)",
					"@executable_path/Frameworks",
					"@loader_path/Frameworks",
				);
				PRODUCT_BUNDLE_IDENTIFIER = Person.GoToWIFIUITests;
				PRODUCT_NAME = "$(TARGET_NAME)";
				TARGETED_DEVICE_FAMILY = "1,2";
				TEST_TARGET_NAME = GoToWIFI;
			};
			name = Debug;
		};
		1A09D4F320F5B05C00B1EB59 /* Release */ = {
			isa = XCBuildConfiguration;
			buildSettings = {
				CODE_SIGN_STYLE = Automatic;
				DEVELOPMENT_TEAM = ZWK4276B96;
				INFOPLIST_FILE = GoToWIFIUITests/Info.plist;
				LD_RUNPATH_SEARCH_PATHS = (
					"$(inherited)",
					"@executable_path/Frameworks",
					"@loader_path/Frameworks",
				);
				PRODUCT_BUNDLE_IDENTIFIER = Person.GoToWIFIUITests;
				PRODUCT_NAME = "$(TARGET_NAME)";
				TARGETED_DEVICE_FAMILY = "1,2";
				TEST_TARGET_NAME = GoToWIFI;
			};
			name = Release;
		};
/* End XCBuildConfiguration section */

/* Begin XCConfigurationList section */
		1A09D4BA20F5B05B00B1EB59 /* Build configuration list for PBXProject "GoToWIFI" */ = {
			isa = XCConfigurationList;
			buildConfigurations = (
				1A09D4E920F5B05C00B1EB59 /* Debug */,
				1A09D4EA20F5B05C00B1EB59 /* Release */,
			);
			defaultConfigurationIsVisible = 0;
			defaultConfigurationName = Release;
		};
		1A09D4EB20F5B05C00B1EB59 /* Build configuration list for PBXNativeTarget "GoToWIFI" */ = {
			isa = XCConfigurationList;
			buildConfigurations = (
				1A09D4EC20F5B05C00B1EB59 /* Debug */,
				1A09D4ED20F5B05C00B1EB59 /* Release */,
			);
			defaultConfigurationIsVisible = 0;
			defaultConfigurationName = Release;
		};
		1A09D4EE20F5B05C00B1EB59 /* Build configuration list for PBXNativeTarget "GoToWIFITests" */ = {
			isa = XCConfigurationList;
			buildConfigurations = (
				1A09D4EF20F5B05C00B1EB59 /* Debug */,
				1A09D4F020F5B05C00B1EB59 /* Release */,
			);
			defaultConfigurationIsVisible = 0;
			defaultConfigurationName = Release;
		};
		1A09D4F120F5B05C00B1EB59 /* Build configuration list for PBXNativeTarget "GoToWIFIUITests" */ = {
			isa = XCConfigurationList;
			buildConfigurations = (
				1A09D4F220F5B05C00B1EB59 /* Debug */,
				1A09D4F320F5B05C00B1EB59 /* Release */,
			);
			defaultConfigurationIsVisible = 0;
			defaultConfigurationName = Release;
		};
/* End XCConfigurationList section */
	};
	rootObject = 1A09D4B720F5B05B00B1EB59 /* Project object */;
}
